
Microsoft Visual Studio Solution File, Format Version 12.00
# Visual Studio Version 16
VisualStudioVersion = 16.0.29920.165
MinimumVisualStudioVersion = 10.0.40219.1
Project("{2150E333-8FDC-42A3-9474-1A3956D46DE8}") = "src", "src", "{E0EE8134-0E51-467C-9570-CF9A9DFDFA3A}"
EndProject
Project("{2150E333-8FDC-42A3-9474-1A3956D46DE8}") = "tests", "tests", "{01F918B5-E3A6-43EA-B6B0-63793586D5ED}"
EndProject
Project("{FAE04EC0-301F-11D3-BF4B-00C04F79EFBC}") = "Organoids.Guard", "src\Organoids.Guard\Organoids.Guard.csproj", "{ED12D5F9-0F10-488F-B700-3C427BFD331E}"
EndProject
Project("{FAE04EC0-301F-11D3-BF4B-00C04F79EFBC}") = "Organoids.Guard.Tests", "tests\Organoids.Guard.Tests\Organoids.Guard.Tests.csproj", "{C9ACBB56-175D-44F2-8C3F-41B183C2F629}"
EndProject
Global
	GlobalSection(SolutionConfigurationPlatforms) = preSolution
		Debug|Any CPU = Debug|Any CPU
		Release|Any CPU = Release|Any CPU
	EndGlobalSection
	GlobalSection(ProjectConfigurationPlatforms) = postSolution
		{ED12D5F9-0F10-488F-B700-3C427BFD331E}.Debug|Any CPU.ActiveCfg = Debug|Any CPU
		{ED12D5F9-0F10-488F-B700-3C427BFD331E}.Debug|Any CPU.Build.0 = Debug|Any CPU
		{ED12D5F9-0F10-488F-B700-3C427BFD331E}.Release|Any CPU.ActiveCfg = Release|Any CPU
		{ED12D5F9-0F10-488F-B700-3C427BFD331E}.Release|Any CPU.Build.0 = Release|Any CPU
		{C9ACBB56-175D-44F2-8C3F-41B183C2F629}.Debug|Any CPU.ActiveCfg = Debug|Any CPU
		{C9ACBB56-175D-44F2-8C3F-41B183C2F629}.Debug|Any CPU.Build.0 = Debug|Any CPU
		{C9ACBB56-175D-44F2-8C3F-41B183C2F629}.Release|Any CPU.ActiveCfg = Release|Any CPU
		{C9ACBB56-175D-44F2-8C3F-41B183C2F629}.Release|Any CPU.Build.0 = Release|Any CPU
	EndGlobalSection
	GlobalSection(SolutionProperties) = preSolution
		HideSolutionNode = FALSE
	EndGlobalSection
	GlobalSection(NestedProjects) = preSolution
		{ED12D5F9-0F10-488F-B700-3C427BFD331E} = {E0EE8134-0E51-467C-9570-CF9A9DFDFA3A}
		{C9ACBB56-175D-44F2-8C3F-41B183C2F629} = {01F918B5-E3A6-43EA-B6B0-63793586D5ED}
	EndGlobalSection
	GlobalSection(ExtensibilityGlobals) = postSolution
		SolutionGuid = {860FCA6F-69E9-4BAC-AA7D-357891FD548F}
	EndGlobalSection
EndGlobal
